{
  "name": "QQ-Muscis-Mini",
  "lockfileVersion": 2,
  "requires": true,
  "packages": {
    "": {
      "dependencies": {
        "@vant/weapp": "^1.10.4",
        "hy-event-store": "^1.3.1",
        "underscore": "^1.13.6"
      }
    },
    "node_modules/@vant/weapp": {
      "version": "1.10.4",
      "resolved": "https://registry.npmjs.org/@vant/weapp/-/weapp-1.10.4.tgz",
      "integrity": "sha512-S0T6myy4Ve4ZClRujJKP1Eu5hP5GFkVeQH587uakhacrQ+9Fp23gfnmo+dKMf7FbjTRqQu+ehxcr0Ba75iV8HA=="
    },
    "node_modules/hy-event-store": {
      "version": "1.3.1",
      "resolved": "https://registry.npmmirror.com/hy-event-store/-/hy-event-store-1.3.1.tgz",
      "integrity": "sha512-uD+14mz4ONiAs9cX/csjUJ2pHTPFciE3JvIbZ+lsbaXopZWbnETEjwJ0a4l5GqNGcltcW3gJjlnUXCJPBoABfg=="
    },
    "node_modules/underscore": {
      "version": "1.13.6",
      "resolved": "https://registry.npmmirror.com/underscore/-/underscore-1.13.6.tgz",
      "integrity": "sha512-+A5Sja4HP1M08MaXya7p5LvjuM7K6q/2EaC0+iovj/wOcMsTzMvDFbasi/oSapiwOlt252IqsKqPjCl7huKS0A=="
    }
  },
  "dependencies": {
    "@vant/weapp": {
      "version": "1.10.4",
      "resolved": "https://registry.npmjs.org/@vant/weapp/-/weapp-1.10.4.tgz",
      "integrity": "sha512-S0T6myy4Ve4ZClRujJKP1Eu5hP5GFkVeQH587uakhacrQ+9Fp23gfnmo+dKMf7FbjTRqQu+ehxcr0Ba75iV8HA=="
    },
    "hy-event-store": {
      "version": "1.3.1",
      "resolved": "https://registry.npmmirror.com/hy-event-store/-/hy-event-store-1.3.1.tgz",
      "integrity": "sha512-uD+14mz4ONiAs9cX/csjUJ2pHTPFciE3JvIbZ+lsbaXopZWbnETEjwJ0a4l5GqNGcltcW3gJjlnUXCJPBoABfg=="
    },
    "underscore": {
      "version": "1.13.6",
      "resolved": "https://registry.npmmirror.com/underscore/-/underscore-1.13.6.tgz",
      "integrity": "sha512-+A5Sja4HP1M08MaXya7p5LvjuM7K6q/2EaC0+iovj/wOcMsTzMvDFbasi/oSapiwOlt252IqsKqPjCl7huKS0A=="
    }
  }
}
